// !$*UTF8*$!
{
	archiveVersion = 1;
	classes = {
	};
	objectVersion = 47;
	objects = {

/* Begin PBXBuildFile section */
		49DEC84D1CF774E4000053CD /* MathSolver.h in CopyFiles */ = {isa = PBXBuildFile; fileRef = 49DEC84C1CF774E4000053CD /* MathSolver.h */; };
		49DEC84F1CF774E4000053CD /* MathSolver.m in Sources */ = {isa = PBXBuildFile; fileRef = 49DEC84E1CF774E4000053CD /* MathSolver.m */; };
		49DEC85C1CF7755F000053CD /* MathSolverTests.m in Sources */ = {isa = PBXBuildFile; fileRef = 49DEC85B1CF7755F000053CD /* MathSolverTests.m */; };
		49DEC85E1CF7755F000053CD /* libMathSolver.a in Frameworks */ = {isa = PBXBuildFile; fileRef = 49DEC8491CF774E4000053CD /* libMathSolver.a */; };
		49DEC89B1CF77A16000053CD /* MTExpression.m in Sources */ = {isa = PBXBuildFile; fileRef = 49DEC8661CF77A16000053CD /* MTExpression.m */; };
		49DEC89C1CF77A16000053CD /* MTExpressionUtil.m in Sources */ = {isa = PBXBuildFile; fileRef = 49DEC8681CF77A16000053CD /* MTExpressionUtil.m */; };
		49DEC89D1CF77A16000053CD /* MTInfixParser.m in Sources */ = {isa = PBXBuildFile; fileRef = 49DEC86A1CF77A16000053CD /* MTInfixParser.m */; };
		49DEC89E1CF77A16000053CD /* MTRational.m in Sources */ = {isa = PBXBuildFile; fileRef = 49DEC86C1CF77A16000053CD /* MTRational.m */; };
		49DEC89F1CF77A16000053CD /* MTSymbol.m in Sources */ = {isa = PBXBuildFile; fileRef = 49DEC86E1CF77A16000053CD /* MTSymbol.m */; };
		49DEC8A01CF77A16000053CD /* MTTokenizer.m in Sources */ = {isa = PBXBuildFile; fileRef = 49DEC8701CF77A16000053CD /* MTTokenizer.m */; };
		49DEC8A11CF77A16000053CD /* MTCanonicalizer.m in Sources */ = {isa = PBXBuildFile; fileRef = 49DEC8731CF77A16000053CD /* MTCanonicalizer.m */; };
		49DEC8A21CF77A16000053CD /* MTExpressionAnalysis.m in Sources */ = {isa = PBXBuildFile; fileRef = 49DEC8751CF77A16000053CD /* MTExpressionAnalysis.m */; };
		49DEC8A31CF77A16000053CD /* MTExpressionInfo.m in Sources */ = {isa = PBXBuildFile; fileRef = 49DEC8771CF77A16000053CD /* MTExpressionInfo.m */; };
		49DEC8A41CF77A16000053CD /* CalculateRule.m in Sources */ = {isa = PBXBuildFile; fileRef = 49DEC87A1CF77A16000053CD /* CalculateRule.m */; };
		49DEC8A51CF77A16000053CD /* CancelCommonFactorsRule.m in Sources */ = {isa = PBXBuildFile; fileRef = 49DEC87C1CF77A16000053CD /* CancelCommonFactorsRule.m */; };
		49DEC8A61CF77A16000053CD /* CollectLikeTermsRule.m in Sources */ = {isa = PBXBuildFile; fileRef = 49DEC87E1CF77A16000053CD /* CollectLikeTermsRule.m */; };
		49DEC8A71CF77A16000053CD /* DecimalReduceRule.m in Sources */ = {isa = PBXBuildFile; fileRef = 49DEC8801CF77A16000053CD /* DecimalReduceRule.m */; };
		49DEC8A81CF77A16000053CD /* DistributionRule.m in Sources */ = {isa = PBXBuildFile; fileRef = 49DEC8821CF77A16000053CD /* DistributionRule.m */; };
		49DEC8A91CF77A16000053CD /* DivisionIdentityRule.m in Sources */ = {isa = PBXBuildFile; fileRef = 49DEC8841CF77A16000053CD /* DivisionIdentityRule.m */; };
		49DEC8AA1CF77A16000053CD /* FlattenRule.m in Sources */ = {isa = PBXBuildFile; fileRef = 49DEC8861CF77A16000053CD /* FlattenRule.m */; };
		49DEC8AB1CF77A16000053CD /* IdentityRule.m in Sources */ = {isa = PBXBuildFile; fileRef = 49DEC8881CF77A16000053CD /* IdentityRule.m */; };
		49DEC8AC1CF77A16000053CD /* NestedDivisionRule.m in Sources */ = {isa = PBXBuildFile; fileRef = 49DEC88A1CF77A16000053CD /* NestedDivisionRule.m */; };
		49DEC8AD1CF77A16000053CD /* NullRule.m in Sources */ = {isa = PBXBuildFile; fileRef = 49DEC88C1CF77A16000053CD /* NullRule.m */; };
		49DEC8AE1CF77A16000053CD /* RationalAdditionRule.m in Sources */ = {isa = PBXBuildFile; fileRef = 49DEC88E1CF77A16000053CD /* RationalAdditionRule.m */; };
		49DEC8AF1CF77A16000053CD /* RationalMultiplicationRule.m in Sources */ = {isa = PBXBuildFile; fileRef = 49DEC8901CF77A16000053CD /* RationalMultiplicationRule.m */; };
		49DEC8B01CF77A16000053CD /* ReduceRule.m in Sources */ = {isa = PBXBuildFile; fileRef = 49DEC8921CF77A16000053CD /* ReduceRule.m */; };
		49DEC8B11CF77A16000053CD /* RemoveNegativesRule.m in Sources */ = {isa = PBXBuildFile; fileRef = 49DEC8941CF77A16000053CD /* RemoveNegativesRule.m */; };
		49DEC8B21CF77A16000053CD /* ReorderTermsRule.m in Sources */ = {isa = PBXBuildFile; fileRef = 49DEC8961CF77A16000053CD /* ReorderTermsRule.m */; };
		49DEC8B31CF77A16000053CD /* Rule.m in Sources */ = {isa = PBXBuildFile; fileRef = 49DEC8981CF77A16000053CD /* Rule.m */; };
		49DEC8B41CF77A16000053CD /* ZeroRule.m in Sources */ = {isa = PBXBuildFile; fileRef = 49DEC89A1CF77A16000053CD /* ZeroRule.m */; };
		A9D57B58A7402A5C4F43752E /* libPods-MathSolver.a in Frameworks */ = {isa = PBXBuildFile; fileRef = 629A1C1817493D056736B4E6 /* libPods-MathSolver.a */; };
/* End PBXBuildFile section */

/* Begin PBXContainerItemProxy section */
		49DEC85F1CF7755F000053CD /* PBXContainerItemProxy */ = {
			isa = PBXContainerItemProxy;
			containerPortal = 49DEC8411CF774E4000053CD /* Project object */;
			proxyType = 1;
			remoteGlobalIDString = 49DEC8481CF774E4000053CD;
			remoteInfo = MathSolver;
		};
/* End PBXContainerItemProxy section */

/* Begin PBXCopyFilesBuildPhase section */
		49DEC8471CF774E4000053CD /* CopyFiles */ = {
			isa = PBXCopyFilesBuildPhase;
			buildActionMask = 2147483647;
			dstPath = "include/$(PRODUCT_NAME)";
			dstSubfolderSpec = 16;
			files = (
				49DEC84D1CF774E4000053CD /* MathSolver.h in CopyFiles */,
			);
			runOnlyForDeploymentPostprocessing = 0;
		};
/* End PBXCopyFilesBuildPhase section */

/* Begin PBXFileReference section */
		49DEC8491CF774E4000053CD /* libMathSolver.a */ = {isa = PBXFileReference; explicitFileType = archive.ar; includeInIndex = 0; path = libMathSolver.a; sourceTree = BUILT_PRODUCTS_DIR; };
		49DEC84C1CF774E4000053CD /* MathSolver.h */ = {isa = PBXFileReference; lastKnownFileType = sourcecode.c.h; path = MathSolver.h; sourceTree = "<group>"; };
		49DEC84E1CF774E4000053CD /* MathSolver.m */ = {isa = PBXFileReference; lastKnownFileType = sourcecode.c.objc; path = MathSolver.m; sourceTree = "<group>"; };
		49DEC8591CF7755F000053CD /* MathSolverTests.xctest */ = {isa = PBXFileReference; explicitFileType = wrapper.cfbundle; includeInIndex = 0; path = MathSolverTests.xctest; sourceTree = BUILT_PRODUCTS_DIR; };
		49DEC85B1CF7755F000053CD /* MathSolverTests.m */ = {isa = PBXFileReference; lastKnownFileType = sourcecode.c.objc; path = MathSolverTests.m; sourceTree = "<group>"; };
		49DEC85D1CF7755F000053CD /* Info.plist */ = {isa = PBXFileReference; lastKnownFileType = text.plist.xml; path = Info.plist; sourceTree = "<group>"; };
		49DEC8651CF77A16000053CD /* MTExpression.h */ = {isa = PBXFileReference; fileEncoding = 4; lastKnownFileType = sourcecode.c.h; path = MTExpression.h; sourceTree = "<group>"; };
		49DEC8661CF77A16000053CD /* MTExpression.m */ = {isa = PBXFileReference; fileEncoding = 4; lastKnownFileType = sourcecode.c.objc; path = MTExpression.m; sourceTree = "<group>"; };
		49DEC8671CF77A16000053CD /* MTExpressionUtil.h */ = {isa = PBXFileReference; fileEncoding = 4; lastKnownFileType = sourcecode.c.h; path = MTExpressionUtil.h; sourceTree = "<group>"; };
		49DEC8681CF77A16000053CD /* MTExpressionUtil.m */ = {isa = PBXFileReference; fileEncoding = 4; lastKnownFileType = sourcecode.c.objc; path = MTExpressionUtil.m; sourceTree = "<group>"; };
		49DEC8691CF77A16000053CD /* MTInfixParser.h */ = {isa = PBXFileReference; fileEncoding = 4; lastKnownFileType = sourcecode.c.h; path = MTInfixParser.h; sourceTree = "<group>"; };
		49DEC86A1CF77A16000053CD /* MTInfixParser.m */ = {isa = PBXFileReference; fileEncoding = 4; lastKnownFileType = sourcecode.c.objc; path = MTInfixParser.m; sourceTree = "<group>"; };
		49DEC86B1CF77A16000053CD /* MTRational.h */ = {isa = PBXFileReference; fileEncoding = 4; lastKnownFileType = sourcecode.c.h; path = MTRational.h; sourceTree = "<group>"; };
		49DEC86C1CF77A16000053CD /* MTRational.m */ = {isa = PBXFileReference; fileEncoding = 4; lastKnownFileType = sourcecode.c.objc; path = MTRational.m; sourceTree = "<group>"; };
		49DEC86D1CF77A16000053CD /* MTSymbol.h */ = {isa = PBXFileReference; fileEncoding = 4; lastKnownFileType = sourcecode.c.h; path = MTSymbol.h; sourceTree = "<group>"; };
		49DEC86E1CF77A16000053CD /* MTSymbol.m */ = {isa = PBXFileReference; fileEncoding = 4; lastKnownFileType = sourcecode.c.objc; path = MTSymbol.m; sourceTree = "<group>"; };
		49DEC86F1CF77A16000053CD /* MTTokenizer.h */ = {isa = PBXFileReference; fileEncoding = 4; lastKnownFileType = sourcecode.c.h; path = MTTokenizer.h; sourceTree = "<group>"; };
		49DEC8701CF77A16000053CD /* MTTokenizer.m */ = {isa = PBXFileReference; fileEncoding = 4; lastKnownFileType = sourcecode.c.objc; path = MTTokenizer.m; sourceTree = "<group>"; };
		49DEC8721CF77A16000053CD /* MTCanonicalizer.h */ = {isa = PBXFileReference; fileEncoding = 4; lastKnownFileType = sourcecode.c.h; path = MTCanonicalizer.h; sourceTree = "<group>"; };
		49DEC8731CF77A16000053CD /* MTCanonicalizer.m */ = {isa = PBXFileReference; fileEncoding = 4; lastKnownFileType = sourcecode.c.objc; path = MTCanonicalizer.m; sourceTree = "<group>"; };
		49DEC8741CF77A16000053CD /* MTExpressionAnalysis.h */ = {isa = PBXFileReference; fileEncoding = 4; lastKnownFileType = sourcecode.c.h; path = MTExpressionAnalysis.h; sourceTree = "<group>"; };
		49DEC8751CF77A16000053CD /* MTExpressionAnalysis.m */ = {isa = PBXFileReference; fileEncoding = 4; lastKnownFileType = sourcecode.c.objc; path = MTExpressionAnalysis.m; sourceTree = "<group>"; };
		49DEC8761CF77A16000053CD /* MTExpressionInfo.h */ = {isa = PBXFileReference; fileEncoding = 4; lastKnownFileType = sourcecode.c.h; path = MTExpressionInfo.h; sourceTree = "<group>"; };
		49DEC8771CF77A16000053CD /* MTExpressionInfo.m */ = {isa = PBXFileReference; fileEncoding = 4; lastKnownFileType = sourcecode.c.objc; path = MTExpressionInfo.m; sourceTree = "<group>"; };
		49DEC8791CF77A16000053CD /* CalculateRule.h */ = {isa = PBXFileReference; fileEncoding = 4; lastKnownFileType = sourcecode.c.h; path = CalculateRule.h; sourceTree = "<group>"; };
		49DEC87A1CF77A16000053CD /* CalculateRule.m */ = {isa = PBXFileReference; fileEncoding = 4; lastKnownFileType = sourcecode.c.objc; path = CalculateRule.m; sourceTree = "<group>"; };
		49DEC87B1CF77A16000053CD /* CancelCommonFactorsRule.h */ = {isa = PBXFileReference; fileEncoding = 4; lastKnownFileType = sourcecode.c.h; path = CancelCommonFactorsRule.h; sourceTree = "<group>"; };
		49DEC87C1CF77A16000053CD /* CancelCommonFactorsRule.m */ = {isa = PBXFileReference; fileEncoding = 4; lastKnownFileType = sourcecode.c.objc; path = CancelCommonFactorsRule.m; sourceTree = "<group>"; };
		49DEC87D1CF77A16000053CD /* CollectLikeTermsRule.h */ = {isa = PBXFileReference; fileEncoding = 4; lastKnownFileType = sourcecode.c.h; path = CollectLikeTermsRule.h; sourceTree = "<group>"; };
		49DEC87E1CF77A16000053CD /* CollectLikeTermsRule.m */ = {isa = PBXFileReference; fileEncoding = 4; lastKnownFileType = sourcecode.c.objc; path = CollectLikeTermsRule.m; sourceTree = "<group>"; };
		49DEC87F1CF77A16000053CD /* DecimalReduceRule.h */ = {isa = PBXFileReference; fileEncoding = 4; lastKnownFileType = sourcecode.c.h; path = DecimalReduceRule.h; sourceTree = "<group>"; };
		49DEC8801CF77A16000053CD /* DecimalReduceRule.m */ = {isa = PBXFileReference; fileEncoding = 4; lastKnownFileType = sourcecode.c.objc; path = DecimalReduceRule.m; sourceTree = "<group>"; };
		49DEC8811CF77A16000053CD /* DistributionRule.h */ = {isa = PBXFileReference; fileEncoding = 4; lastKnownFileType = sourcecode.c.h; path = DistributionRule.h; sourceTree = "<group>"; };
		49DEC8821CF77A16000053CD /* DistributionRule.m */ = {isa = PBXFileReference; fileEncoding = 4; lastKnownFileType = sourcecode.c.objc; path = DistributionRule.m; sourceTree = "<group>"; };
		49DEC8831CF77A16000053CD /* DivisionIdentityRule.h */ = {isa = PBXFileReference; fileEncoding = 4; lastKnownFileType = sourcecode.c.h; path = DivisionIdentityRule.h; sourceTree = "<group>"; };
		49DEC8841CF77A16000053CD /* DivisionIdentityRule.m */ = {isa = PBXFileReference; fileEncoding = 4; lastKnownFileType = sourcecode.c.objc; path = DivisionIdentityRule.m; sourceTree = "<group>"; };
		49DEC8851CF77A16000053CD /* FlattenRule.h */ = {isa = PBXFileReference; fileEncoding = 4; lastKnownFileType = sourcecode.c.h; path = FlattenRule.h; sourceTree = "<group>"; };
		49DEC8861CF77A16000053CD /* FlattenRule.m */ = {isa = PBXFileReference; fileEncoding = 4; lastKnownFileType = sourcecode.c.objc; path = FlattenRule.m; sourceTree = "<group>"; };
		49DEC8871CF77A16000053CD /* IdentityRule.h */ = {isa = PBXFileReference; fileEncoding = 4; lastKnownFileType = sourcecode.c.h; path = IdentityRule.h; sourceTree = "<group>"; };
		49DEC8881CF77A16000053CD /* IdentityRule.m */ = {isa = PBXFileReference; fileEncoding = 4; lastKnownFileType = sourcecode.c.objc; path = IdentityRule.m; sourceTree = "<group>"; };
		49DEC8891CF77A16000053CD /* NestedDivisionRule.h */ = {isa = PBXFileReference; fileEncoding = 4; lastKnownFileType = sourcecode.c.h; path = NestedDivisionRule.h; sourceTree = "<group>"; };
		49DEC88A1CF77A16000053CD /* NestedDivisionRule.m */ = {isa = PBXFileReference; fileEncoding = 4; lastKnownFileType = sourcecode.c.objc; path = NestedDivisionRule.m; sourceTree = "<group>"; };
		49DEC88B1CF77A16000053CD /* NullRule.h */ = {isa = PBXFileReference; fileEncoding = 4; lastKnownFileType = sourcecode.c.h; path = NullRule.h; sourceTree = "<group>"; };
		49DEC88C1CF77A16000053CD /* NullRule.m */ = {isa = PBXFileReference; fileEncoding = 4; lastKnownFileType = sourcecode.c.objc; path = NullRule.m; sourceTree = "<group>"; };
		49DEC88D1CF77A16000053CD /* RationalAdditionRule.h */ = {isa = PBXFileReference; fileEncoding = 4; lastKnownFileType = sourcecode.c.h; path = RationalAdditionRule.h; sourceTree = "<group>"; };
		49DEC88E1CF77A16000053CD /* RationalAdditionRule.m */ = {isa = PBXFileReference; fileEncoding = 4; lastKnownFileType = sourcecode.c.objc; path = RationalAdditionRule.m; sourceTree = "<group>"; };
		49DEC88F1CF77A16000053CD /* RationalMultiplicationRule.h */ = {isa = PBXFileReference; fileEncoding = 4; lastKnownFileType = sourcecode.c.h; path = RationalMultiplicationRule.h; sourceTree = "<group>"; };
		49DEC8901CF77A16000053CD /* RationalMultiplicationRule.m */ = {isa = PBXFileReference; fileEncoding = 4; lastKnownFileType = sourcecode.c.objc; path = RationalMultiplicationRule.m; sourceTree = "<group>"; };
		49DEC8911CF77A16000053CD /* ReduceRule.h */ = {isa = PBXFileReference; fileEncoding = 4; lastKnownFileType = sourcecode.c.h; path = ReduceRule.h; sourceTree = "<group>"; };
		49DEC8921CF77A16000053CD /* ReduceRule.m */ = {isa = PBXFileReference; fileEncoding = 4; lastKnownFileType = sourcecode.c.objc; path = ReduceRule.m; sourceTree = "<group>"; };
		49DEC8931CF77A16000053CD /* RemoveNegativesRule.h */ = {isa = PBXFileReference; fileEncoding = 4; lastKnownFileType = sourcecode.c.h; path = RemoveNegativesRule.h; sourceTree = "<group>"; };
		49DEC8941CF77A16000053CD /* RemoveNegativesRule.m */ = {isa = PBXFileReference; fileEncoding = 4; lastKnownFileType = sourcecode.c.objc; path = RemoveNegativesRule.m; sourceTree = "<group>"; };
		49DEC8951CF77A16000053CD /* ReorderTermsRule.h */ = {isa = PBXFileReference; fileEncoding = 4; lastKnownFileType = sourcecode.c.h; path = ReorderTermsRule.h; sourceTree = "<group>"; };
		49DEC8961CF77A16000053CD /* ReorderTermsRule.m */ = {isa = PBXFileReference; fileEncoding = 4; lastKnownFileType = sourcecode.c.objc; path = ReorderTermsRule.m; sourceTree = "<group>"; };
		49DEC8971CF77A16000053CD /* Rule.h */ = {isa = PBXFileReference; fileEncoding = 4; lastKnownFileType = sourcecode.c.h; path = Rule.h; sourceTree = "<group>"; };
		49DEC8981CF77A16000053CD /* Rule.m */ = {isa = PBXFileReference; fileEncoding = 4; lastKnownFileType = sourcecode.c.objc; path = Rule.m; sourceTree = "<group>"; };
		49DEC8991CF77A16000053CD /* ZeroRule.h */ = {isa = PBXFileReference; fileEncoding = 4; lastKnownFileType = sourcecode.c.h; path = ZeroRule.h; sourceTree = "<group>"; };
		49DEC89A1CF77A16000053CD /* ZeroRule.m */ = {isa = PBXFileReference; fileEncoding = 4; lastKnownFileType = sourcecode.c.objc; path = ZeroRule.m; sourceTree = "<group>"; };
		49DEC8B91CF78E86000053CD /* Log.pch */ = {isa = PBXFileReference; fileEncoding = 4; lastKnownFileType = sourcecode.c.h; path = Log.pch; sourceTree = "<group>"; };
		4F414D58011471A119E8C6F4 /* Pods-MathSolver.release.xcconfig */ = {isa = PBXFileReference; includeInIndex = 1; lastKnownFileType = text.xcconfig; name = "Pods-MathSolver.release.xcconfig"; path = "Pods/Target Support Files/Pods-MathSolver/Pods-MathSolver.release.xcconfig"; sourceTree = "<group>"; };
		629A1C1817493D056736B4E6 /* libPods-MathSolver.a */ = {isa = PBXFileReference; explicitFileType = archive.ar; includeInIndex = 0; path = "libPods-MathSolver.a"; sourceTree = BUILT_PRODUCTS_DIR; };
		D06015C8F0F013669F5BE437 /* Pods-MathSolver.debug.xcconfig */ = {isa = PBXFileReference; includeInIndex = 1; lastKnownFileType = text.xcconfig; name = "Pods-MathSolver.debug.xcconfig"; path = "Pods/Target Support Files/Pods-MathSolver/Pods-MathSolver.debug.xcconfig"; sourceTree = "<group>"; };
/* End PBXFileReference section */

/* Begin PBXFrameworksBuildPhase section */
		49DEC8461CF774E4000053CD /* Frameworks */ = {
			isa = PBXFrameworksBuildPhase;
			buildActionMask = 2147483647;
			files = (
				A9D57B58A7402A5C4F43752E /* libPods-MathSolver.a in Frameworks */,
			);
			runOnlyForDeploymentPostprocessing = 0;
		};
		49DEC8561CF7755F000053CD /* Frameworks */ = {
			isa = PBXFrameworksBuildPhase;
			buildActionMask = 2147483647;
			files = (
				49DEC85E1CF7755F000053CD /* libMathSolver.a in Frameworks */,
			);
			runOnlyForDeploymentPostprocessing = 0;
		};
/* End PBXFrameworksBuildPhase section */

/* Begin PBXGroup section */
		49DEC8401CF774E4000053CD = {
			isa = PBXGroup;
			children = (
				49DEC8B91CF78E86000053CD /* Log.pch */,
				49DEC84B1CF774E4000053CD /* MathSolver */,
				49DEC85A1CF7755F000053CD /* MathSolverTests */,
				49DEC84A1CF774E4000053CD /* Products */,
				C4378298E677A46E05C2A302 /* Pods */,
				A8335C1A6939571053B9CCB9 /* Frameworks */,
			);
			sourceTree = "<group>";
		};
		49DEC84A1CF774E4000053CD /* Products */ = {
			isa = PBXGroup;
			children = (
				49DEC8491CF774E4000053CD /* libMathSolver.a */,
				49DEC8591CF7755F000053CD /* MathSolverTests.xctest */,
			);
			name = Products;
			sourceTree = "<group>";
		};
		49DEC84B1CF774E4000053CD /* MathSolver */ = {
			isa = PBXGroup;
			children = (
				49DEC8641CF77A16000053CD /* expressions */,
				49DEC8711CF77A16000053CD /* analysis */,
				49DEC84C1CF774E4000053CD /* MathSolver.h */,
				49DEC84E1CF774E4000053CD /* MathSolver.m */,
			);
			path = MathSolver;
			sourceTree = "<group>";
		};
		49DEC85A1CF7755F000053CD /* MathSolverTests */ = {
			isa = PBXGroup;
			children = (
				49DEC85B1CF7755F000053CD /* MathSolverTests.m */,
				49DEC85D1CF7755F000053CD /* Info.plist */,
			);
			path = MathSolverTests;
			sourceTree = "<group>";
		};
		49DEC8641CF77A16000053CD /* expressions */ = {
			isa = PBXGroup;
			children = (
				49DEC8651CF77A16000053CD /* MTExpression.h */,
				49DEC8661CF77A16000053CD /* MTExpression.m */,
				49DEC8671CF77A16000053CD /* MTExpressionUtil.h */,
				49DEC8681CF77A16000053CD /* MTExpressionUtil.m */,
				49DEC8691CF77A16000053CD /* MTInfixParser.h */,
				49DEC86A1CF77A16000053CD /* MTInfixParser.m */,
				49DEC86B1CF77A16000053CD /* MTRational.h */,
				49DEC86C1CF77A16000053CD /* MTRational.m */,
				49DEC86D1CF77A16000053CD /* MTSymbol.h */,
				49DEC86E1CF77A16000053CD /* MTSymbol.m */,
				49DEC86F1CF77A16000053CD /* MTTokenizer.h */,
				49DEC8701CF77A16000053CD /* MTTokenizer.m */,
			);
			path = expressions;
			sourceTree = "<group>";
		};
		49DEC8711CF77A16000053CD /* analysis */ = {
			isa = PBXGroup;
			children = (
				49DEC8721CF77A16000053CD /* MTCanonicalizer.h */,
				49DEC8731CF77A16000053CD /* MTCanonicalizer.m */,
				49DEC8741CF77A16000053CD /* MTExpressionAnalysis.h */,
				49DEC8751CF77A16000053CD /* MTExpressionAnalysis.m */,
				49DEC8761CF77A16000053CD /* MTExpressionInfo.h */,
				49DEC8771CF77A16000053CD /* MTExpressionInfo.m */,
				49DEC8781CF77A16000053CD /* rules */,
			);
			path = analysis;
			sourceTree = "<group>";
		};
		49DEC8781CF77A16000053CD /* rules */ = {
			isa = PBXGroup;
			children = (
				49DEC8791CF77A16000053CD /* CalculateRule.h */,
				49DEC87A1CF77A16000053CD /* CalculateRule.m */,
				49DEC87B1CF77A16000053CD /* CancelCommonFactorsRule.h */,
				49DEC87C1CF77A16000053CD /* CancelCommonFactorsRule.m */,
				49DEC87D1CF77A16000053CD /* CollectLikeTermsRule.h */,
				49DEC87E1CF77A16000053CD /* CollectLikeTermsRule.m */,
				49DEC87F1CF77A16000053CD /* DecimalReduceRule.h */,
				49DEC8801CF77A16000053CD /* DecimalReduceRule.m */,
				49DEC8811CF77A16000053CD /* DistributionRule.h */,
				49DEC8821CF77A16000053CD /* DistributionRule.m */,
				49DEC8831CF77A16000053CD /* DivisionIdentityRule.h */,
				49DEC8841CF77A16000053CD /* DivisionIdentityRule.m */,
				49DEC8851CF77A16000053CD /* FlattenRule.h */,
				49DEC8861CF77A16000053CD /* FlattenRule.m */,
				49DEC8871CF77A16000053CD /* IdentityRule.h */,
				49DEC8881CF77A16000053CD /* IdentityRule.m */,
				49DEC8891CF77A16000053CD /* NestedDivisionRule.h */,
				49DEC88A1CF77A16000053CD /* NestedDivisionRule.m */,
				49DEC88B1CF77A16000053CD /* NullRule.h */,
				49DEC88C1CF77A16000053CD /* NullRule.m */,
				49DEC88D1CF77A16000053CD /* RationalAdditionRule.h */,
				49DEC88E1CF77A16000053CD /* RationalAdditionRule.m */,
				49DEC88F1CF77A16000053CD /* RationalMultiplicationRule.h */,
				49DEC8901CF77A16000053CD /* RationalMultiplicationRule.m */,
				49DEC8911CF77A16000053CD /* ReduceRule.h */,
				49DEC8921CF77A16000053CD /* ReduceRule.m */,
				49DEC8931CF77A16000053CD /* RemoveNegativesRule.h */,
				49DEC8941CF77A16000053CD /* RemoveNegativesRule.m */,
				49DEC8951CF77A16000053CD /* ReorderTermsRule.h */,
				49DEC8961CF77A16000053CD /* ReorderTermsRule.m */,
				49DEC8971CF77A16000053CD /* Rule.h */,
				49DEC8981CF77A16000053CD /* Rule.m */,
				49DEC8991CF77A16000053CD /* ZeroRule.h */,
				49DEC89A1CF77A16000053CD /* ZeroRule.m */,
			);
			path = rules;
			sourceTree = "<group>";
		};
		A8335C1A6939571053B9CCB9 /* Frameworks */ = {
			isa = PBXGroup;
			children = (
				629A1C1817493D056736B4E6 /* libPods-MathSolver.a */,
			);
			name = Frameworks;
			sourceTree = "<group>";
		};
		C4378298E677A46E05C2A302 /* Pods */ = {
			isa = PBXGroup;
			children = (
				D06015C8F0F013669F5BE437 /* Pods-MathSolver.debug.xcconfig */,
				4F414D58011471A119E8C6F4 /* Pods-MathSolver.release.xcconfig */,
			);
			name = Pods;
			sourceTree = "<group>";
		};
/* End PBXGroup section */

/* Begin PBXNativeTarget section */
		49DEC8481CF774E4000053CD /* MathSolver */ = {
			isa = PBXNativeTarget;
			buildConfigurationList = 49DEC8521CF774E4000053CD /* Build configuration list for PBXNativeTarget "MathSolver" */;
			buildPhases = (
				BD75F2C68D453573DE52C10A /* 📦 Check Pods Manifest.lock */,
				49DEC8451CF774E4000053CD /* Sources */,
				49DEC8461CF774E4000053CD /* Frameworks */,
				49DEC8471CF774E4000053CD /* CopyFiles */,
				D9FA6961B85F35C5459A2D83 /* 📦 Copy Pods Resources */,
			);
			buildRules = (
			);
			dependencies = (
			);
			name = MathSolver;
			productName = MathSolver;
			productReference = 49DEC8491CF774E4000053CD /* libMathSolver.a */;
			productType = "com.apple.product-type.library.static";
		};
		49DEC8581CF7755F000053CD /* MathSolverTests */ = {
			isa = PBXNativeTarget;
			buildConfigurationList = 49DEC8611CF7755F000053CD /* Build configuration list for PBXNativeTarget "MathSolverTests" */;
			buildPhases = (
				49DEC8551CF7755F000053CD /* Sources */,
				49DEC8561CF7755F000053CD /* Frameworks */,
				49DEC8571CF7755F000053CD /* Resources */,
			);
			buildRules = (
			);
			dependencies = (
				49DEC8601CF7755F000053CD /* PBXTargetDependency */,
			);
			name = MathSolverTests;
			productName = MathSolverTests;
			productReference = 49DEC8591CF7755F000053CD /* MathSolverTests.xctest */;
			productType = "com.apple.product-type.bundle.unit-test";
		};
/* End PBXNativeTarget section */

/* Begin PBXProject section */
		49DEC8411CF774E4000053CD /* Project object */ = {
			isa = PBXProject;
			attributes = {
				CLASSPREFIX = MT;
				LastUpgradeCheck = 0720;
				ORGANIZATIONNAME = "Kostub Deshmukh";
				TargetAttributes = {
					49DEC8481CF774E4000053CD = {
						CreatedOnToolsVersion = 7.2.1;
					};
					49DEC8581CF7755F000053CD = {
						CreatedOnToolsVersion = 7.2.1;
					};
				};
			};
			buildConfigurationList = 49DEC8441CF774E4000053CD /* Build configuration list for PBXProject "MathSolver" */;
			compatibilityVersion = "Xcode 6.3";
			developmentRegion = English;
			hasScannedForEncodings = 0;
			knownRegions = (
				en,
			);
			mainGroup = 49DEC8401CF774E4000053CD;
			productRefGroup = 49DEC84A1CF774E4000053CD /* Products */;
			projectDirPath = "";
			projectRoot = "";
			targets = (
				49DEC8481CF774E4000053CD /* MathSolver */,
				49DEC8581CF7755F000053CD /* MathSolverTests */,
			);
		};
/* End PBXProject section */

/* Begin PBXResourcesBuildPhase section */
		49DEC8571CF7755F000053CD /* Resources */ = {
			isa = PBXResourcesBuildPhase;
			buildActionMask = 2147483647;
			files = (
			);
			runOnlyForDeploymentPostprocessing = 0;
		};
/* End PBXResourcesBuildPhase section */

/* Begin PBXShellScriptBuildPhase section */
		BD75F2C68D453573DE52C10A /* 📦 Check Pods Manifest.lock */ = {
			isa = PBXShellScriptBuildPhase;
			buildActionMask = 2147483647;
			files = (
			);
			inputPaths = (
			);
			name = "📦 Check Pods Manifest.lock";
			outputPaths = (
			);
			runOnlyForDeploymentPostprocessing = 0;
			shellPath = /bin/sh;
			shellScript = "diff \"${PODS_ROOT}/../Podfile.lock\" \"${PODS_ROOT}/Manifest.lock\" > /dev/null\nif [[ $? != 0 ]] ; then\n    cat << EOM\nerror: The sandbox is not in sync with the Podfile.lock. Run 'pod install' or update your CocoaPods installation.\nEOM\n    exit 1\nfi\n";
			showEnvVarsInLog = 0;
		};
		D9FA6961B85F35C5459A2D83 /* 📦 Copy Pods Resources */ = {
			isa = PBXShellScriptBuildPhase;
			buildActionMask = 2147483647;
			files = (
			);
			inputPaths = (
			);
			name = "📦 Copy Pods Resources";
			outputPaths = (
			);
			runOnlyForDeploymentPostprocessing = 0;
			shellPath = /bin/sh;
			shellScript = "\"${SRCROOT}/Pods/Target Support Files/Pods-MathSolver/Pods-MathSolver-resources.sh\"\n";
			showEnvVarsInLog = 0;
		};
/* End PBXShellScriptBuildPhase section */

/* Begin PBXSourcesBuildPhase section */
		49DEC8451CF774E4000053CD /* Sources */ = {
			isa = PBXSourcesBuildPhase;
			buildActionMask = 2147483647;
			files = (
				49DEC84F1CF774E4000053CD /* MathSolver.m in Sources */,
				49DEC8A61CF77A16000053CD /* CollectLikeTermsRule.m in Sources */,
				49DEC8A51CF77A16000053CD /* CancelCommonFactorsRule.m in Sources */,
				49DEC8AC1CF77A16000053CD /* NestedDivisionRule.m in Sources */,
				49DEC8A01CF77A16000053CD /* MTTokenizer.m in Sources */,
				49DEC89B1CF77A16000053CD /* MTExpression.m in Sources */,
				49DEC8A31CF77A16000053CD /* MTExpressionInfo.m in Sources */,
				49DEC8B01CF77A16000053CD /* ReduceRule.m in Sources */,
				49DEC89C1CF77A16000053CD /* MTExpressionUtil.m in Sources */,
				49DEC8A71CF77A16000053CD /* DecimalReduceRule.m in Sources */,
				49DEC8A91CF77A16000053CD /* DivisionIdentityRule.m in Sources */,
				49DEC8A11CF77A16000053CD /* MTCanonicalizer.m in Sources */,
				49DEC8B11CF77A16000053CD /* RemoveNegativesRule.m in Sources */,
				49DEC8B31CF77A16000053CD /* Rule.m in Sources */,
				49DEC8AA1CF77A16000053CD /* FlattenRule.m in Sources */,
				49DEC8AD1CF77A16000053CD /* NullRule.m in Sources */,
				49DEC89E1CF77A16000053CD /* MTRational.m in Sources */,
				49DEC8AE1CF77A16000053CD /* RationalAdditionRule.m in Sources */,
				49DEC8A41CF77A16000053CD /* CalculateRule.m in Sources */,
				49DEC8A21CF77A16000053CD /* MTExpressionAnalysis.m in Sources */,
				49DEC8B41CF77A16000053CD /* ZeroRule.m in Sources */,
				49DEC8AF1CF77A16000053CD /* RationalMultiplicationRule.m in Sources */,
				49DEC89D1CF77A16000053CD /* MTInfixParser.m in Sources */,
				49DEC8AB1CF77A16000053CD /* IdentityRule.m in Sources */,
				49DEC8B21CF77A16000053CD /* ReorderTermsRule.m in Sources */,
				49DEC8A81CF77A16000053CD /* DistributionRule.m in Sources */,
				49DEC89F1CF77A16000053CD /* MTSymbol.m in Sources */,
			);
			runOnlyForDeploymentPostprocessing = 0;
		};
		49DEC8551CF7755F000053CD /* Sources */ = {
			isa = PBXSourcesBuildPhase;
			buildActionMask = 2147483647;
			files = (
				49DEC85C1CF7755F000053CD /* MathSolverTests.m in Sources */,
			);
			runOnlyForDeploymentPostprocessing = 0;
		};
/* End PBXSourcesBuildPhase section */

/* Begin PBXTargetDependency section */
		49DEC8601CF7755F000053CD /* PBXTargetDependency */ = {
			isa = PBXTargetDependency;
			target = 49DEC8481CF774E4000053CD /* MathSolver */;
			targetProxy = 49DEC85F1CF7755F000053CD /* PBXContainerItemProxy */;
		};
/* End PBXTargetDependency section */

/* Begin XCBuildConfiguration section */
		49DEC8501CF774E4000053CD /* Debug */ = {
			isa = XCBuildConfiguration;
			buildSettings = {
				ALWAYS_SEARCH_USER_PATHS = NO;
				CLANG_CXX_LANGUAGE_STANDARD = "gnu++0x";
				CLANG_CXX_LIBRARY = "libc++";
				CLANG_ENABLE_MODULES = YES;
				CLANG_ENABLE_OBJC_ARC = YES;
				CLANG_WARN_BOOL_CONVERSION = YES;
				CLANG_WARN_CONSTANT_CONVERSION = YES;
				CLANG_WARN_DIRECT_OBJC_ISA_USAGE = YES_ERROR;
				CLANG_WARN_EMPTY_BODY = YES;
				CLANG_WARN_ENUM_CONVERSION = YES;
				CLANG_WARN_INT_CONVERSION = YES;
				CLANG_WARN_OBJC_ROOT_CLASS = YES_ERROR;
				CLANG_WARN_UNREACHABLE_CODE = YES;
				CLANG_WARN__DUPLICATE_METHOD_MATCH = YES;
				"CODE_SIGN_IDENTITY[sdk=iphoneos*]" = "iPhone Developer";
				COPY_PHASE_STRIP = NO;
				DEBUG_INFORMATION_FORMAT = dwarf;
				ENABLE_STRICT_OBJC_MSGSEND = YES;
				ENABLE_TESTABILITY = YES;
				GCC_C_LANGUAGE_STANDARD = gnu99;
				GCC_DYNAMIC_NO_PIC = NO;
				GCC_NO_COMMON_BLOCKS = YES;
				GCC_OPTIMIZATION_LEVEL = 0;
				GCC_PREPROCESSOR_DEFINITIONS = (
					"DEBUG=1",
					"$(inherited)",
				);
				GCC_WARN_64_TO_32_BIT_CONVERSION = YES;
				GCC_WARN_ABOUT_RETURN_TYPE = YES_ERROR;
				GCC_WARN_UNDECLARED_SELECTOR = YES;
				GCC_WARN_UNINITIALIZED_AUTOS = YES_AGGRESSIVE;
				GCC_WARN_UNUSED_FUNCTION = YES;
				GCC_WARN_UNUSED_VARIABLE = YES;
				IPHONEOS_DEPLOYMENT_TARGET = 7.0;
				MTL_ENABLE_DEBUG_INFO = YES;
				ONLY_ACTIVE_ARCH = YES;
				SDKROOT = iphoneos;
			};
			name = Debug;
		};
		49DEC8511CF774E4000053CD /* Release */ = {
			isa = XCBuildConfiguration;
			buildSettings = {
				ALWAYS_SEARCH_USER_PATHS = NO;
				CLANG_CXX_LANGUAGE_STANDARD = "gnu++0x";
				CLANG_CXX_LIBRARY = "libc++";
				CLANG_ENABLE_MODULES = YES;
				CLANG_ENABLE_OBJC_ARC = YES;
				CLANG_WARN_BOOL_CONVERSION = YES;
				CLANG_WARN_CONSTANT_CONVERSION = YES;
				CLANG_WARN_DIRECT_OBJC_ISA_USAGE = YES_ERROR;
				CLANG_WARN_EMPTY_BODY = YES;
				CLANG_WARN_ENUM_CONVERSION = YES;
				CLANG_WARN_INT_CONVERSION = YES;
				CLANG_WARN_OBJC_ROOT_CLASS = YES_ERROR;
				CLANG_WARN_UNREACHABLE_CODE = YES;
				CLANG_WARN__DUPLICATE_METHOD_MATCH = YES;
				"CODE_SIGN_IDENTITY[sdk=iphoneos*]" = "iPhone Developer";
				COPY_PHASE_STRIP = NO;
				DEBUG_INFORMATION_FORMAT = "dwarf-with-dsym";
				ENABLE_NS_ASSERTIONS = NO;
				ENABLE_STRICT_OBJC_MSGSEND = YES;
				GCC_C_LANGUAGE_STANDARD = gnu99;
				GCC_NO_COMMON_BLOCKS = YES;
				GCC_WARN_64_TO_32_BIT_CONVERSION = YES;
				GCC_WARN_ABOUT_RETURN_TYPE = YES_ERROR;
				GCC_WARN_UNDECLARED_SELECTOR = YES;
				GCC_WARN_UNINITIALIZED_AUTOS = YES_AGGRESSIVE;
				GCC_WARN_UNUSED_FUNCTION = YES;
				GCC_WARN_UNUSED_VARIABLE = YES;
				IPHONEOS_DEPLOYMENT_TARGET = 7.0;
				MTL_ENABLE_DEBUG_INFO = NO;
				SDKROOT = iphoneos;
				VALIDATE_PRODUCT = YES;
			};
			name = Release;
		};
		49DEC8531CF774E4000053CD /* Debug */ = {
			isa = XCBuildConfiguration;
			baseConfigurationReference = D06015C8F0F013669F5BE437 /* Pods-MathSolver.debug.xcconfig */;
			buildSettings = {
				GCC_PRECOMPILE_PREFIX_HEADER = YES;
				GCC_PREFIX_HEADER = Log.pch;
				PRODUCT_NAME = "$(TARGET_NAME)";
				SKIP_INSTALL = YES;
			};
			name = Debug;
		};
		49DEC8541CF774E4000053CD /* Release */ = {
			isa = XCBuildConfiguration;
			baseConfigurationReference = 4F414D58011471A119E8C6F4 /* Pods-MathSolver.release.xcconfig */;
			buildSettings = {
				GCC_PRECOMPILE_PREFIX_HEADER = YES;
				GCC_PREFIX_HEADER = Log.pch;
				PRODUCT_NAME = "$(TARGET_NAME)";
				SKIP_INSTALL = YES;
			};
			name = Release;
		};
		49DEC8621CF7755F000053CD /* Debug */ = {
			isa = XCBuildConfiguration;
			buildSettings = {
				INFOPLIST_FILE = MathSolverTests/Info.plist;
				IPHONEOS_DEPLOYMENT_TARGET = 9.2;
				LD_RUNPATH_SEARCH_PATHS = "$(inherited) @executable_path/Frameworks @loader_path/Frameworks";
				PRODUCT_BUNDLE_IDENTIFIER = org.math.MathSolverTests;
				PRODUCT_NAME = "$(TARGET_NAME)";
			};
			name = Debug;
		};
		49DEC8631CF7755F000053CD /* Release */ = {
			isa = XCBuildConfiguration;
			buildSettings = {
				INFOPLIST_FILE = MathSolverTests/Info.plist;
				IPHONEOS_DEPLOYMENT_TARGET = 9.2;
				LD_RUNPATH_SEARCH_PATHS = "$(inherited) @executable_path/Frameworks @loader_path/Frameworks";
				PRODUCT_BUNDLE_IDENTIFIER = org.math.MathSolverTests;
				PRODUCT_NAME = "$(TARGET_NAME)";
			};
			name = Release;
		};
/* End XCBuildConfiguration section */

/* Begin XCConfigurationList section */
		49DEC8441CF774E4000053CD /* Build configuration list for PBXProject "MathSolver" */ = {
			isa = XCConfigurationList;
			buildConfigurations = (
				49DEC8501CF774E4000053CD /* Debug */,
				49DEC8511CF774E4000053CD /* Release */,
			);
			defaultConfigurationIsVisible = 0;
			defaultConfigurationName = Release;
		};
		49DEC8521CF774E4000053CD /* Build configuration list for PBXNativeTarget "MathSolver" */ = {
			isa = XCConfigurationList;
			buildConfigurations = (
				49DEC8531CF774E4000053CD /* Debug */,
				49DEC8541CF774E4000053CD /* Release */,
			);
			defaultConfigurationIsVisible = 0;
			defaultConfigurationName = Release;
		};
		49DEC8611CF7755F000053CD /* Build configuration list for PBXNativeTarget "MathSolverTests" */ = {
			isa = XCConfigurationList;
			buildConfigurations = (
				49DEC8621CF7755F000053CD /* Debug */,
				49DEC8631CF7755F000053CD /* Release */,
			);
			defaultConfigurationIsVisible = 0;
			defaultConfigurationName = Release;
		};
/* End XCConfigurationList section */
	};
	rootObject = 49DEC8411CF774E4000053CD /* Project object */;
}
